
Microsoft Visual Studio Solution File, Format Version 12.00
# Visual Studio 2012
Project("{FAE04EC0-301F-11D3-BF4B-00C04F79EFBC}") = "Feeder", "Feeder\Feeder.csproj", "{3785C6FD-7107-46FA-A274-C1512D01BDF9}"
EndProject
Global
	GlobalSection(SolutionConfigurationPlatforms) = preSolution
		Debug|Any CPU = Debug|Any CPU
		Release|Any CPU = Release|Any CPU
	EndGlobalSection
	GlobalSection(ProjectConfigurationPlatforms) = postSolution
		{3785C6FD-7107-46FA-A274-C1512D01BDF9}.Debug|Any CPU.ActiveCfg = Debug|Any CPU
		{3785C6FD-7107-46FA-A274-C1512D01BDF9}.Debug|Any CPU.Build.0 = Debug|Any CPU
		{3785C6FD-7107-46FA-A274-C1512D01BDF9}.Release|Any CPU.ActiveCfg = Release|Any CPU
		{3785C6FD-7107-46FA-A274-C1512D01BDF9}.Release|Any CPU.Build.0 = Release|Any CPU
	EndGlobalSection
EndGlobal
